
Microsoft Visual Studio Solution File, Format Version 12.00
# Visual Studio 15
VisualStudioVersion = 15.0.28307.539
MinimumVisualStudioVersion = 10.0.40219.1
Project("{9A19103F-16F7-4668-BE54-9A1E7A4F7556}") = "MSFT.WVD.Diagnostics", "MSFT.WVD.Diagnostics\MSFT.WVD.Diagnostics.csproj", "{961B1185-E353-4404-8743-C69816648232}"
EndProject
Project("{9A19103F-16F7-4668-BE54-9A1E7A4F7556}") = "MSFT.WVD.Diagnostics.Common", "MSFT.WVD.Diagnostics.Common\MSFT.WVD.Diagnostics.Common.csproj", "{44371C01-8237-4015-B6E2-69FD2002718F}"
EndProject
Global
	GlobalSection(SolutionConfigurationPlatforms) = preSolution
		Debug|Any CPU = Debug|Any CPU
		Release|Any CPU = Release|Any CPU
	EndGlobalSection
	GlobalSection(ProjectConfigurationPlatforms) = postSolution
		{961B1185-E353-4404-8743-C69816648232}.Debug|Any CPU.ActiveCfg = Debug|Any CPU
		{961B1185-E353-4404-8743-C69816648232}.Debug|Any CPU.Build.0 = Debug|Any CPU
		{961B1185-E353-4404-8743-C69816648232}.Release|Any CPU.ActiveCfg = Release|Any CPU
		{961B1185-E353-4404-8743-C69816648232}.Release|Any CPU.Build.0 = Release|Any CPU
		{44371C01-8237-4015-B6E2-69FD2002718F}.Debug|Any CPU.ActiveCfg = Debug|Any CPU
		{44371C01-8237-4015-B6E2-69FD2002718F}.Debug|Any CPU.Build.0 = Debug|Any CPU
		{44371C01-8237-4015-B6E2-69FD2002718F}.Release|Any CPU.ActiveCfg = Release|Any CPU
		{44371C01-8237-4015-B6E2-69FD2002718F}.Release|Any CPU.Build.0 = Release|Any CPU
	EndGlobalSection
	GlobalSection(SolutionProperties) = preSolution
		HideSolutionNode = FALSE
	EndGlobalSection
	GlobalSection(ExtensibilityGlobals) = postSolution
		SolutionGuid = {080E84EB-7D57-45CC-82C9-5FC357EC6D65}
	EndGlobalSection
EndGlobal
